
Microsoft Visual Studio Solution File, Format Version 12.00
Project("{2150E333-8FDC-42A3-9474-1A3956D46DE8}") = "src", "src", "{5A0DC5AC-89A9-4628-ACD2-64E81CB26317}"
EndProject
Project("{2150E333-8FDC-42A3-9474-1A3956D46DE8}") = "doc", "doc", "{14CAB568-4DA1-4389-8AA8-EFA4EAB0AE95}"
EndProject
Project("{2150E333-8FDC-42A3-9474-1A3956D46DE8}") = "Resources", "Resources", "{2B67AAAF-609B-476D-95D8-275F4F9C1416}"
EndProject
Project("{FAE04EC0-301F-11D3-BF4B-00C04F79EFBC}") = "ShoppingSystem.Microservice.Resource", "ShoppingSystem.Microservice.Resource\ShoppingSystem.Microservice.Resource.csproj", "{C6E513B7-E1BF-4812-98B0-F4F341192652}"
EndProject
Project("{2150E333-8FDC-42A3-9474-1A3956D46DE8}") = "Notifications", "Notifications", "{A95B8A92-CCCD-4FE6-BF36-32F3DB75603F}"
EndProject
Project("{FAE04EC0-301F-11D3-BF4B-00C04F79EFBC}") = "ShoppingSystem.Microservice.Notification.Email", "ShoppingSystem.Microservice.Notification.Email\ShoppingSystem.Microservice.Notification.Email.csproj", "{F58C13CC-D778-4070-A07F-B6FFEEB24445}"
EndProject
Project("{2150E333-8FDC-42A3-9474-1A3956D46DE8}") = "Presentations", "Presentations", "{633FDC61-037B-499B-B2ED-8964AE3B49D2}"
EndProject
Project("{FAE04EC0-301F-11D3-BF4B-00C04F79EFBC}") = "ShoppingSystem.Microservice.Infrastructure", "ShoppingSystem.Microservice.Infrastructure\ShoppingSystem.Microservice.Infrastructure.csproj", "{3ACADAEA-D1DB-4139-A21F-B0465CA578ED}"
EndProject
Project("{2150E333-8FDC-42A3-9474-1A3956D46DE8}") = "Infrastructures", "Infrastructures", "{9C0D0FDE-A304-48B1-8BAE-9B0F94516CDB}"
EndProject
Project("{2150E333-8FDC-42A3-9474-1A3956D46DE8}") = "Cores", "Cores", "{3C9DF519-12BF-4C2C-B07B-4F16C34A6B2B}"
EndProject
Project("{FAE04EC0-301F-11D3-BF4B-00C04F79EFBC}") = "ShoppingSystem.Microservice.Domain", "ShoppingSystem.Microservice.Domain\ShoppingSystem.Microservice.Domain.csproj", "{75EE318E-BDD4-40C7-BEAF-DDAD735C2F77}"
EndProject
Project("{FAE04EC0-301F-11D3-BF4B-00C04F79EFBC}") = "ShoppingSystem.Microservice", "ShoppingSystem.Microservice\ShoppingSystem.Microservice.csproj", "{64262B88-B289-4E7B-A091-35D32BBD020B}"
EndProject
Project("{FAE04EC0-301F-11D3-BF4B-00C04F79EFBC}") = "ShoppingSystem.Microservice.Infrastructure.Identity", "ShoppingSystem.Microservice.Infrastructure.Identity\ShoppingSystem.Microservice.Infrastructure.Identity.csproj", "{2ABADD4B-26B3-4A8E-9D7E-B70E98F1953F}"
EndProject
Project("{FAE04EC0-301F-11D3-BF4B-00C04F79EFBC}") = "ShoppingSystem.Microservice.Application", "ShoppingSystem.Microservice.Application\ShoppingSystem.Microservice.Application.csproj", "{557AF991-DBE3-4753-8F4B-E75A94384914}"
EndProject
Project("{2150E333-8FDC-42A3-9474-1A3956D46DE8}") = "Tests", "Tests", "{5B340D71-D7A9-4EC7-8806-522FBADEA744}"
EndProject
Project("{FAE04EC0-301F-11D3-BF4B-00C04F79EFBC}") = "ShoppingSystem.Microservice.Domain.Test", "ShoppingSystem.Microservice.Domain.Test\ShoppingSystem.Microservice.Domain.Test.csproj", "{E47DC874-6876-45FA-924C-AEC909AA1A21}"
EndProject
Project("{2150E333-8FDC-42A3-9474-1A3956D46DE8}") = "Core", "Core", "{6AB2E1D7-FD21-4E5E-B9A5-1DBCE2B6E259}"
EndProject
Project("{2150E333-8FDC-42A3-9474-1A3956D46DE8}") = "Infrastructures", "Infrastructures", "{A0ADDDED-A587-4F8B-8CD0-F14E437D6B57}"
EndProject
Project("{2150E333-8FDC-42A3-9474-1A3956D46DE8}") = "Notifications", "Notifications", "{D34EAA91-BFCA-4265-9B87-02797031C4F8}"
EndProject
Project("{2150E333-8FDC-42A3-9474-1A3956D46DE8}") = "Presentations", "Presentations", "{76A7CA85-4DD2-4844-95DF-91642D774FC9}"
EndProject
Project("{2150E333-8FDC-42A3-9474-1A3956D46DE8}") = "Resources", "Resources", "{25BD2D29-88F1-4E37-B0B3-036161A00CA3}"
EndProject
Project("{2150E333-8FDC-42A3-9474-1A3956D46DE8}") = "Tests", "Tests", "{FB8674EF-A5DC-4CED-9330-6AF06470C201}"
EndProject
Project("{2150E333-8FDC-42A3-9474-1A3956D46DE8}") = "Gateways", "Gateways", "{6B1C4AAB-6459-4168-8E37-387C8B3D1D03}"
EndProject
Project("{FAE04EC0-301F-11D3-BF4B-00C04F79EFBC}") = "ShoppingSystem.Microservice.Gateway", "ShoppingSystem.Microservice.Gateway\ShoppingSystem.Microservice.Gateway.csproj", "{FE17931D-34A5-4D05-9015-51438415F75B}"
EndProject
Project("{FAE04EC0-301F-11D3-BF4B-00C04F79EFBC}") = "ShoppingSystem.Microservice.Notification.Sms", "ShoppingSystem.Microservice.Notification.Sms\ShoppingSystem.Microservice.Notification.Sms.csproj", "{97402454-0427-4066-9B4F-203E2E50D1B7}"
EndProject
Project("{FAE04EC0-301F-11D3-BF4B-00C04F79EFBC}") = "ShoppingSystem.Microservice.Infrastructure.Test", "ShoppingSystem.Microservice.Infrastructure.Test\ShoppingSystem.Microservice.Infrastructure.Test.csproj", "{C8DCE325-62A0-4DC5-85FF-587EE8260B00}"
EndProject
Project("{FAE04EC0-301F-11D3-BF4B-00C04F79EFBC}") = "ShoppingSystem.Microservice.Infrastructure.Identity.Test", "ShoppingSystem.Microservice.Infrastructure.Identity.Test\ShoppingSystem.Microservice.Infrastructure.Identity.Test.csproj", "{DF2B68DC-5868-405E-A57F-97D15088C660}"
EndProject
Project("{FAE04EC0-301F-11D3-BF4B-00C04F79EFBC}") = "ShoppingSystem.Microservice.Notification.Email.Test", "ShoppingSystem.Microservice.Notification.Email.Test\ShoppingSystem.Microservice.Notification.Email.Test.csproj", "{86309B1E-91D3-4637-BAFC-9AFE7466FC5E}"
EndProject
Project("{FAE04EC0-301F-11D3-BF4B-00C04F79EFBC}") = "ShoppingSystem.Microservice.Test", "ShoppingSystem.Microservice.Test\ShoppingSystem.Microservice.Test.csproj", "{94AA5F51-944C-4CF6-B274-D82258945312}"
EndProject
Project("{FAE04EC0-301F-11D3-BF4B-00C04F79EFBC}") = "ShoppingSystem.Microservice.Notification.sms.Test", "ShoppingSystem.Microservice.Notification.sms.Test\ShoppingSystem.Microservice.Notification.sms.Test.csproj", "{5A8D2944-2624-40B8-9454-BA9F08DC7D76}"
EndProject
Global
	GlobalSection(SolutionConfigurationPlatforms) = preSolution
		Debug|Any CPU = Debug|Any CPU
		Release|Any CPU = Release|Any CPU
	EndGlobalSection
	GlobalSection(ProjectConfigurationPlatforms) = postSolution
		{C6E513B7-E1BF-4812-98B0-F4F341192652}.Debug|Any CPU.ActiveCfg = Debug|Any CPU
		{C6E513B7-E1BF-4812-98B0-F4F341192652}.Debug|Any CPU.Build.0 = Debug|Any CPU
		{C6E513B7-E1BF-4812-98B0-F4F341192652}.Release|Any CPU.ActiveCfg = Release|Any CPU
		{C6E513B7-E1BF-4812-98B0-F4F341192652}.Release|Any CPU.Build.0 = Release|Any CPU
		{F58C13CC-D778-4070-A07F-B6FFEEB24445}.Debug|Any CPU.ActiveCfg = Debug|Any CPU
		{F58C13CC-D778-4070-A07F-B6FFEEB24445}.Debug|Any CPU.Build.0 = Debug|Any CPU
		{F58C13CC-D778-4070-A07F-B6FFEEB24445}.Release|Any CPU.ActiveCfg = Release|Any CPU
		{F58C13CC-D778-4070-A07F-B6FFEEB24445}.Release|Any CPU.Build.0 = Release|Any CPU
		{3ACADAEA-D1DB-4139-A21F-B0465CA578ED}.Debug|Any CPU.ActiveCfg = Debug|Any CPU
		{3ACADAEA-D1DB-4139-A21F-B0465CA578ED}.Debug|Any CPU.Build.0 = Debug|Any CPU
		{3ACADAEA-D1DB-4139-A21F-B0465CA578ED}.Release|Any CPU.ActiveCfg = Release|Any CPU
		{3ACADAEA-D1DB-4139-A21F-B0465CA578ED}.Release|Any CPU.Build.0 = Release|Any CPU
		{75EE318E-BDD4-40C7-BEAF-DDAD735C2F77}.Debug|Any CPU.ActiveCfg = Debug|Any CPU
		{75EE318E-BDD4-40C7-BEAF-DDAD735C2F77}.Debug|Any CPU.Build.0 = Debug|Any CPU
		{75EE318E-BDD4-40C7-BEAF-DDAD735C2F77}.Release|Any CPU.ActiveCfg = Release|Any CPU
		{75EE318E-BDD4-40C7-BEAF-DDAD735C2F77}.Release|Any CPU.Build.0 = Release|Any CPU
		{64262B88-B289-4E7B-A091-35D32BBD020B}.Debug|Any CPU.ActiveCfg = Debug|Any CPU
		{64262B88-B289-4E7B-A091-35D32BBD020B}.Debug|Any CPU.Build.0 = Debug|Any CPU
		{64262B88-B289-4E7B-A091-35D32BBD020B}.Release|Any CPU.ActiveCfg = Release|Any CPU
		{64262B88-B289-4E7B-A091-35D32BBD020B}.Release|Any CPU.Build.0 = Release|Any CPU
		{2ABADD4B-26B3-4A8E-9D7E-B70E98F1953F}.Debug|Any CPU.ActiveCfg = Debug|Any CPU
		{2ABADD4B-26B3-4A8E-9D7E-B70E98F1953F}.Debug|Any CPU.Build.0 = Debug|Any CPU
		{2ABADD4B-26B3-4A8E-9D7E-B70E98F1953F}.Release|Any CPU.ActiveCfg = Release|Any CPU
		{2ABADD4B-26B3-4A8E-9D7E-B70E98F1953F}.Release|Any CPU.Build.0 = Release|Any CPU
		{557AF991-DBE3-4753-8F4B-E75A94384914}.Debug|Any CPU.ActiveCfg = Debug|Any CPU
		{557AF991-DBE3-4753-8F4B-E75A94384914}.Debug|Any CPU.Build.0 = Debug|Any CPU
		{557AF991-DBE3-4753-8F4B-E75A94384914}.Release|Any CPU.ActiveCfg = Release|Any CPU
		{557AF991-DBE3-4753-8F4B-E75A94384914}.Release|Any CPU.Build.0 = Release|Any CPU
		{E47DC874-6876-45FA-924C-AEC909AA1A21}.Debug|Any CPU.ActiveCfg = Debug|Any CPU
		{E47DC874-6876-45FA-924C-AEC909AA1A21}.Debug|Any CPU.Build.0 = Debug|Any CPU
		{E47DC874-6876-45FA-924C-AEC909AA1A21}.Release|Any CPU.ActiveCfg = Release|Any CPU
		{E47DC874-6876-45FA-924C-AEC909AA1A21}.Release|Any CPU.Build.0 = Release|Any CPU
		{FE17931D-34A5-4D05-9015-51438415F75B}.Debug|Any CPU.ActiveCfg = Debug|Any CPU
		{FE17931D-34A5-4D05-9015-51438415F75B}.Debug|Any CPU.Build.0 = Debug|Any CPU
		{FE17931D-34A5-4D05-9015-51438415F75B}.Release|Any CPU.ActiveCfg = Release|Any CPU
		{FE17931D-34A5-4D05-9015-51438415F75B}.Release|Any CPU.Build.0 = Release|Any CPU
		{97402454-0427-4066-9B4F-203E2E50D1B7}.Debug|Any CPU.ActiveCfg = Debug|Any CPU
		{97402454-0427-4066-9B4F-203E2E50D1B7}.Debug|Any CPU.Build.0 = Debug|Any CPU
		{97402454-0427-4066-9B4F-203E2E50D1B7}.Release|Any CPU.ActiveCfg = Release|Any CPU
		{97402454-0427-4066-9B4F-203E2E50D1B7}.Release|Any CPU.Build.0 = Release|Any CPU
		{C8DCE325-62A0-4DC5-85FF-587EE8260B00}.Debug|Any CPU.ActiveCfg = Debug|Any CPU
		{C8DCE325-62A0-4DC5-85FF-587EE8260B00}.Debug|Any CPU.Build.0 = Debug|Any CPU
		{C8DCE325-62A0-4DC5-85FF-587EE8260B00}.Release|Any CPU.ActiveCfg = Release|Any CPU
		{C8DCE325-62A0-4DC5-85FF-587EE8260B00}.Release|Any CPU.Build.0 = Release|Any CPU
		{DF2B68DC-5868-405E-A57F-97D15088C660}.Debug|Any CPU.ActiveCfg = Debug|Any CPU
		{DF2B68DC-5868-405E-A57F-97D15088C660}.Debug|Any CPU.Build.0 = Debug|Any CPU
		{DF2B68DC-5868-405E-A57F-97D15088C660}.Release|Any CPU.ActiveCfg = Release|Any CPU
		{DF2B68DC-5868-405E-A57F-97D15088C660}.Release|Any CPU.Build.0 = Release|Any CPU
		{86309B1E-91D3-4637-BAFC-9AFE7466FC5E}.Debug|Any CPU.ActiveCfg = Debug|Any CPU
		{86309B1E-91D3-4637-BAFC-9AFE7466FC5E}.Debug|Any CPU.Build.0 = Debug|Any CPU
		{86309B1E-91D3-4637-BAFC-9AFE7466FC5E}.Release|Any CPU.ActiveCfg = Release|Any CPU
		{86309B1E-91D3-4637-BAFC-9AFE7466FC5E}.Release|Any CPU.Build.0 = Release|Any CPU
		{94AA5F51-944C-4CF6-B274-D82258945312}.Debug|Any CPU.ActiveCfg = Debug|Any CPU
		{94AA5F51-944C-4CF6-B274-D82258945312}.Debug|Any CPU.Build.0 = Debug|Any CPU
		{94AA5F51-944C-4CF6-B274-D82258945312}.Release|Any CPU.ActiveCfg = Release|Any CPU
		{94AA5F51-944C-4CF6-B274-D82258945312}.Release|Any CPU.Build.0 = Release|Any CPU
		{5A8D2944-2624-40B8-9454-BA9F08DC7D76}.Debug|Any CPU.ActiveCfg = Debug|Any CPU
		{5A8D2944-2624-40B8-9454-BA9F08DC7D76}.Debug|Any CPU.Build.0 = Debug|Any CPU
		{5A8D2944-2624-40B8-9454-BA9F08DC7D76}.Release|Any CPU.ActiveCfg = Release|Any CPU
		{5A8D2944-2624-40B8-9454-BA9F08DC7D76}.Release|Any CPU.Build.0 = Release|Any CPU
	EndGlobalSection
	GlobalSection(NestedProjects) = preSolution
		{2B67AAAF-609B-476D-95D8-275F4F9C1416} = {5A0DC5AC-89A9-4628-ACD2-64E81CB26317}
		{C6E513B7-E1BF-4812-98B0-F4F341192652} = {2B67AAAF-609B-476D-95D8-275F4F9C1416}
		{A95B8A92-CCCD-4FE6-BF36-32F3DB75603F} = {5A0DC5AC-89A9-4628-ACD2-64E81CB26317}
		{F58C13CC-D778-4070-A07F-B6FFEEB24445} = {A95B8A92-CCCD-4FE6-BF36-32F3DB75603F}
		{633FDC61-037B-499B-B2ED-8964AE3B49D2} = {5A0DC5AC-89A9-4628-ACD2-64E81CB26317}
		{9C0D0FDE-A304-48B1-8BAE-9B0F94516CDB} = {5A0DC5AC-89A9-4628-ACD2-64E81CB26317}
		{3ACADAEA-D1DB-4139-A21F-B0465CA578ED} = {9C0D0FDE-A304-48B1-8BAE-9B0F94516CDB}
		{3C9DF519-12BF-4C2C-B07B-4F16C34A6B2B} = {5A0DC5AC-89A9-4628-ACD2-64E81CB26317}
		{75EE318E-BDD4-40C7-BEAF-DDAD735C2F77} = {3C9DF519-12BF-4C2C-B07B-4F16C34A6B2B}
		{64262B88-B289-4E7B-A091-35D32BBD020B} = {633FDC61-037B-499B-B2ED-8964AE3B49D2}
		{2ABADD4B-26B3-4A8E-9D7E-B70E98F1953F} = {9C0D0FDE-A304-48B1-8BAE-9B0F94516CDB}
		{557AF991-DBE3-4753-8F4B-E75A94384914} = {3C9DF519-12BF-4C2C-B07B-4F16C34A6B2B}
		{5B340D71-D7A9-4EC7-8806-522FBADEA744} = {5A0DC5AC-89A9-4628-ACD2-64E81CB26317}
		{E47DC874-6876-45FA-924C-AEC909AA1A21} = {5B340D71-D7A9-4EC7-8806-522FBADEA744}
		{6AB2E1D7-FD21-4E5E-B9A5-1DBCE2B6E259} = {14CAB568-4DA1-4389-8AA8-EFA4EAB0AE95}
		{A0ADDDED-A587-4F8B-8CD0-F14E437D6B57} = {14CAB568-4DA1-4389-8AA8-EFA4EAB0AE95}
		{D34EAA91-BFCA-4265-9B87-02797031C4F8} = {14CAB568-4DA1-4389-8AA8-EFA4EAB0AE95}
		{76A7CA85-4DD2-4844-95DF-91642D774FC9} = {14CAB568-4DA1-4389-8AA8-EFA4EAB0AE95}
		{25BD2D29-88F1-4E37-B0B3-036161A00CA3} = {14CAB568-4DA1-4389-8AA8-EFA4EAB0AE95}
		{FB8674EF-A5DC-4CED-9330-6AF06470C201} = {14CAB568-4DA1-4389-8AA8-EFA4EAB0AE95}
		{6B1C4AAB-6459-4168-8E37-387C8B3D1D03} = {5A0DC5AC-89A9-4628-ACD2-64E81CB26317}
		{FE17931D-34A5-4D05-9015-51438415F75B} = {6B1C4AAB-6459-4168-8E37-387C8B3D1D03}
		{97402454-0427-4066-9B4F-203E2E50D1B7} = {A95B8A92-CCCD-4FE6-BF36-32F3DB75603F}
		{C8DCE325-62A0-4DC5-85FF-587EE8260B00} = {5B340D71-D7A9-4EC7-8806-522FBADEA744}
		{DF2B68DC-5868-405E-A57F-97D15088C660} = {5B340D71-D7A9-4EC7-8806-522FBADEA744}
		{86309B1E-91D3-4637-BAFC-9AFE7466FC5E} = {5B340D71-D7A9-4EC7-8806-522FBADEA744}
		{94AA5F51-944C-4CF6-B274-D82258945312} = {5B340D71-D7A9-4EC7-8806-522FBADEA744}
		{5A8D2944-2624-40B8-9454-BA9F08DC7D76} = {5B340D71-D7A9-4EC7-8806-522FBADEA744}
	EndGlobalSection
EndGlobal
